
Microsoft Visual Studio Solution File, Format Version 12.00
# Visual Studio Version 17
VisualStudioVersion = 17.0.32002.185
MinimumVisualStudioVersion = 10.0.40219.1
Project("{FAE04EC0-301F-11D3-BF4B-00C04F79EFBC}") = "IOC-platformer", "IOC-platformer\IOC-platformer.csproj", "{C3F6D761-8AFF-4DD4-90A3-8130CB195218}"
EndProject
Global
	GlobalSection(SolutionConfigurationPlatforms) = preSolution
		Debug|Any CPU = Debug|Any CPU
		Release|Any CPU = Release|Any CPU
	EndGlobalSection
	GlobalSection(ProjectConfigurationPlatforms) = postSolution
		{C3F6D761-8AFF-4DD4-90A3-8130CB195218}.Debug|Any CPU.ActiveCfg = Debug|Any CPU
		{C3F6D761-8AFF-4DD4-90A3-8130CB195218}.Debug|Any CPU.Build.0 = Debug|Any CPU
		{C3F6D761-8AFF-4DD4-90A3-8130CB195218}.Release|Any CPU.ActiveCfg = Release|Any CPU
		{C3F6D761-8AFF-4DD4-90A3-8130CB195218}.Release|Any CPU.Build.0 = Release|Any CPU
	EndGlobalSection
	GlobalSection(SolutionProperties) = preSolution
		HideSolutionNode = FALSE
	EndGlobalSection
	GlobalSection(ExtensibilityGlobals) = postSolution
		SolutionGuid = {B35377A7-9DA3-4DD2-99E7-807B9346072C}
	EndGlobalSection
EndGlobal
